// !$*UTF8*$!
{
	archiveVersion = 1;
	classes = {
	};
	objectVersion = 46;
	objects = {

/* Begin PBXBuildFile section */
		5921CB1819C97CC500AD9087 /* AppDelegate.swift in Sources */ = {isa = PBXBuildFile; fileRef = 5921CB1719C97CC500AD9087 /* AppDelegate.swift */; };
		5921CB1A19C97CC500AD9087 /* ViewController.swift in Sources */ = {isa = PBXBuildFile; fileRef = 5921CB1919C97CC500AD9087 /* ViewController.swift */; };
		5921CB1D19C97CC500AD9087 /* Main.storyboard in Resources */ = {isa = PBXBuildFile; fileRef = 5921CB1B19C97CC500AD9087 /* Main.storyboard */; };
		5921CB1F19C97CC500AD9087 /* Images.xcassets in Resources */ = {isa = PBXBuildFile; fileRef = 5921CB1E19C97CC500AD9087 /* Images.xcassets */; };
		5921CB2B19C97CC500AD9087 /* PostcardTests.swift in Sources */ = {isa = PBXBuildFile; fileRef = 5921CB2A19C97CC500AD9087 /* PostcardTests.swift */; };
		593FB24219C9BBC3004E9875 /* SagradaFamilia.jpeg in Resources */ = {isa = PBXBuildFile; fileRef = 593FB24119C9BBC3004E9875 /* SagradaFamilia.jpeg */; };
		593FB24419C9BE32004E9875 /* AlbertEinsteinStamp.jpg in Resources */ = {isa = PBXBuildFile; fileRef = 593FB24319C9BE32004E9875 /* AlbertEinsteinStamp.jpg */; };
/* End PBXBuildFile section */

/* Begin PBXContainerItemProxy section */
		5921CB2519C97CC500AD9087 /* PBXContainerItemProxy */ = {
			isa = PBXContainerItemProxy;
			containerPortal = 5921CB0A19C97CC400AD9087 /* Project object */;
			proxyType = 1;
			remoteGlobalIDString = 5921CB1119C97CC400AD9087;
			remoteInfo = Postcard;
		};
		59EBFF8219C9946300359A0F /* PBXContainerItemProxy */ = {
			isa = PBXContainerItemProxy;
			containerPortal = 5921CB0A19C97CC400AD9087 /* Project object */;
			proxyType = 1;
			remoteGlobalIDString = 5921CB1119C97CC400AD9087;
			remoteInfo = Postcard;
		};
		59EBFF8419C9946300359A0F /* PBXContainerItemProxy */ = {
			isa = PBXContainerItemProxy;
			containerPortal = 5921CB0A19C97CC400AD9087 /* Project object */;
			proxyType = 1;
			remoteGlobalIDString = 5921CB1119C97CC400AD9087;
			remoteInfo = Postcard;
		};
/* End PBXContainerItemProxy section */

/* Begin PBXFileReference section */
		5921CB1219C97CC500AD9087 /* Postcard.app */ = {isa = PBXFileReference; explicitFileType = wrapper.application; includeInIndex = 0; path = Postcard.app; sourceTree = BUILT_PRODUCTS_DIR; };
		5921CB1619C97CC500AD9087 /* Info.plist */ = {isa = PBXFileReference; lastKnownFileType = text.plist.xml; path = Info.plist; sourceTree = "<group>"; };
		5921CB1719C97CC500AD9087 /* AppDelegate.swift */ = {isa = PBXFileReference; lastKnownFileType = sourcecode.swift; path = AppDelegate.swift; sourceTree = "<group>"; };
		5921CB1919C97CC500AD9087 /* ViewController.swift */ = {isa = PBXFileReference; lastKnownFileType = sourcecode.swift; path = ViewController.swift; sourceTree = "<group>"; };
		5921CB1C19C97CC500AD9087 /* Base */ = {isa = PBXFileReference; lastKnownFileType = file.storyboard; name = Base; path = Base.lproj/Main.storyboard; sourceTree = "<group>"; };
		5921CB1E19C97CC500AD9087 /* Images.xcassets */ = {isa = PBXFileReference; lastKnownFileType = folder.assetcatalog; path = Images.xcassets; sourceTree = "<group>"; };
		5921CB2419C97CC500AD9087 /* PostcardTests.xctest */ = {isa = PBXFileReference; explicitFileType = wrapper.cfbundle; includeInIndex = 0; path = PostcardTests.xctest; sourceTree = BUILT_PRODUCTS_DIR; };
		5921CB2919C97CC500AD9087 /* Info.plist */ = {isa = PBXFileReference; lastKnownFileType = text.plist.xml; path = Info.plist; sourceTree = "<group>"; };
		5921CB2A19C97CC500AD9087 /* PostcardTests.swift */ = {isa = PBXFileReference; lastKnownFileType = sourcecode.swift; path = PostcardTests.swift; sourceTree = "<group>"; };
		593FB24119C9BBC3004E9875 /* SagradaFamilia.jpeg */ = {isa = PBXFileReference; lastKnownFileType = image.jpeg; path = SagradaFamilia.jpeg; sourceTree = "<group>"; };
		593FB24319C9BE32004E9875 /* AlbertEinsteinStamp.jpg */ = {isa = PBXFileReference; lastKnownFileType = image.jpeg; path = AlbertEinsteinStamp.jpg; sourceTree = "<group>"; };
/* End PBXFileReference section */

/* Begin PBXFrameworksBuildPhase section */
		5921CB0F19C97CC400AD9087 /* Frameworks */ = {
			isa = PBXFrameworksBuildPhase;
			buildActionMask = 2147483647;
			files = (
			);
			runOnlyForDeploymentPostprocessing = 0;
		};
		5921CB2119C97CC500AD9087 /* Frameworks */ = {
			isa = PBXFrameworksBuildPhase;
			buildActionMask = 2147483647;
			files = (
			);
			runOnlyForDeploymentPostprocessing = 0;
		};
/* End PBXFrameworksBuildPhase section */

/* Begin PBXGroup section */
		5921CB0919C97CC400AD9087 = {
			isa = PBXGroup;
			children = (
				5921CB1419C97CC500AD9087 /* Postcard */,
				5921CB2719C97CC500AD9087 /* PostcardTests */,
				5921CB1319C97CC500AD9087 /* Products */,
			);
			sourceTree = "<group>";
		};
		5921CB1319C97CC500AD9087 /* Products */ = {
			isa = PBXGroup;
			children = (
				5921CB1219C97CC500AD9087 /* Postcard.app */,
				5921CB2419C97CC500AD9087 /* PostcardTests.xctest */,
			);
			name = Products;
			sourceTree = "<group>";
		};
		5921CB1419C97CC500AD9087 /* Postcard */ = {
			isa = PBXGroup;
			children = (
				5921CB1719C97CC500AD9087 /* AppDelegate.swift */,
				5921CB1919C97CC500AD9087 /* ViewController.swift */,
				5921CB1B19C97CC500AD9087 /* Main.storyboard */,
				5921CB1E19C97CC500AD9087 /* Images.xcassets */,
				5921CB1519C97CC500AD9087 /* Supporting Files */,
			);
			path = Postcard;
			sourceTree = "<group>";
		};
		5921CB1519C97CC500AD9087 /* Supporting Files */ = {
			isa = PBXGroup;
			children = (
				593FB24319C9BE32004E9875 /* AlbertEinsteinStamp.jpg */,
				593FB24119C9BBC3004E9875 /* SagradaFamilia.jpeg */,
				5921CB1619C97CC500AD9087 /* Info.plist */,
			);
			name = "Supporting Files";
			sourceTree = "<group>";
		};
		5921CB2719C97CC500AD9087 /* PostcardTests */ = {
			isa = PBXGroup;
			children = (
				5921CB2A19C97CC500AD9087 /* PostcardTests.swift */,
				5921CB2819C97CC500AD9087 /* Supporting Files */,
			);
			path = PostcardTests;
			sourceTree = "<group>";
		};
		5921CB2819C97CC500AD9087 /* Supporting Files */ = {
			isa = PBXGroup;
			children = (
				5921CB2919C97CC500AD9087 /* Info.plist */,
			);
			name = "Supporting Files";
			sourceTree = "<group>";
		};
/* End PBXGroup section */

/* Begin PBXNativeTarget section */
		5921CB1119C97CC400AD9087 /* Postcard */ = {
			isa = PBXNativeTarget;
			buildConfigurationList = 5921CB2E19C97CC500AD9087 /* Build configuration list for PBXNativeTarget "Postcard" */;
			buildPhases = (
				5921CB0E19C97CC400AD9087 /* Sources */,
				5921CB0F19C97CC400AD9087 /* Frameworks */,
				5921CB1019C97CC400AD9087 /* Resources */,
			);
			buildRules = (
			);
			dependencies = (
			);
			name = Postcard;
			productName = Postcard;
			productReference = 5921CB1219C97CC500AD9087 /* Postcard.app */;
			productType = "com.apple.product-type.application";
		};
		5921CB2319C97CC500AD9087 /* PostcardTests */ = {
			isa = PBXNativeTarget;
			buildConfigurationList = 5921CB3119C97CC500AD9087 /* Build configuration list for PBXNativeTarget "PostcardTests" */;
			buildPhases = (
				5921CB2019C97CC500AD9087 /* Sources */,
				5921CB2119C97CC500AD9087 /* Frameworks */,
				5921CB2219C97CC500AD9087 /* Resources */,
			);
			buildRules = (
			);
			dependencies = (
				5921CB2619C97CC500AD9087 /* PBXTargetDependency */,
				59EBFF8319C9946300359A0F /* PBXTargetDependency */,
				59EBFF8519C9946300359A0F /* PBXTargetDependency */,
			);
			name = PostcardTests;
			productName = PostcardTests;
			productReference = 5921CB2419C97CC500AD9087 /* PostcardTests.xctest */;
			productType = "com.apple.product-type.bundle.unit-test";
		};
/* End PBXNativeTarget section */

/* Begin PBXProject section */
		5921CB0A19C97CC400AD9087 /* Project object */ = {
			isa = PBXProject;
			attributes = {
				LastUpgradeCheck = 0600;
				ORGANIZATIONNAME = "D-Alloc";
				TargetAttributes = {
					5921CB1119C97CC400AD9087 = {
						CreatedOnToolsVersion = 6.0;
					};
					5921CB2319C97CC500AD9087 = {
						CreatedOnToolsVersion = 6.0;
						TestTargetID = 5921CB1119C97CC400AD9087;
					};
				};
			};
			buildConfigurationList = 5921CB0D19C97CC400AD9087 /* Build configuration list for PBXProject "Postcard" */;
			compatibilityVersion = "Xcode 3.2";
			developmentRegion = English;
			hasScannedForEncodings = 0;
			knownRegions = (
				en,
				Base,
			);
			mainGroup = 5921CB0919C97CC400AD9087;
			productRefGroup = 5921CB1319C97CC500AD9087 /* Products */;
			projectDirPath = "";
			projectRoot = "";
			targets = (
				5921CB1119C97CC400AD9087 /* Postcard */,
				5921CB2319C97CC500AD9087 /* PostcardTests */,
			);
		};
/* End PBXProject section */

/* Begin PBXResourcesBuildPhase section */
		5921CB1019C97CC400AD9087 /* Resources */ = {
			isa = PBXResourcesBuildPhase;
			buildActionMask = 2147483647;
			files = (
				593FB24419C9BE32004E9875 /* AlbertEinsteinStamp.jpg in Resources */,
				5921CB1D19C97CC500AD9087 /* Main.storyboard in Resources */,
				5921CB1F19C97CC500AD9087 /* Images.xcassets in Resources */,
				593FB24219C9BBC3004E9875 /* SagradaFamilia.jpeg in Resources */,
			);
			runOnlyForDeploymentPostprocessing = 0;
		};
		5921CB2219C97CC500AD9087 /* Resources */ = {
			isa = PBXResourcesBuildPhase;
			buildActionMask = 2147483647;
			files = (
			);
			runOnlyForDeploymentPostprocessing = 0;
		};
/* End PBXResourcesBuildPhase section */

/* Begin PBXSourcesBuildPhase section */
		5921CB0E19C97CC400AD9087 /* Sources */ = {
			isa = PBXSourcesBuildPhase;
			buildActionMask = 2147483647;
			files = (
				5921CB1A19C97CC500AD9087 /* ViewController.swift in Sources */,
				5921CB1819C97CC500AD9087 /* AppDelegate.swift in Sources */,
			);
			runOnlyForDeploymentPostprocessing = 0;
		};
		5921CB2019C97CC500AD9087 /* Sources */ = {
			isa = PBXSourcesBuildPhase;
			buildActionMask = 2147483647;
			files = (
				5921CB2B19C97CC500AD9087 /* PostcardTests.swift in Sources */,
			);
			runOnlyForDeploymentPostprocessing = 0;
		};
/* End PBXSourcesBuildPhase section */

/* Begin PBXTargetDependency section */
		5921CB2619C97CC500AD9087 /* PBXTargetDependency */ = {
			isa = PBXTargetDependency;
			target = 5921CB1119C97CC400AD9087 /* Postcard */;
			targetProxy = 5921CB2519C97CC500AD9087 /* PBXContainerItemProxy */;
		};
		59EBFF8319C9946300359A0F /* PBXTargetDependency */ = {
			isa = PBXTargetDependency;
			target = 5921CB1119C97CC400AD9087 /* Postcard */;
			targetProxy = 59EBFF8219C9946300359A0F /* PBXContainerItemProxy */;
		};
		59EBFF8519C9946300359A0F /* PBXTargetDependency */ = {
			isa = PBXTargetDependency;
			target = 5921CB1119C97CC400AD9087 /* Postcard */;
			targetProxy = 59EBFF8419C9946300359A0F /* PBXContainerItemProxy */;
		};
/* End PBXTargetDependency section */

/* Begin PBXVariantGroup section */
		5921CB1B19C97CC500AD9087 /* Main.storyboard */ = {
			isa = PBXVariantGroup;
			children = (
				5921CB1C19C97CC500AD9087 /* Base */,
			);
			name = Main.storyboard;
			sourceTree = "<group>";
		};
/* End PBXVariantGroup section */

/* Begin XCBuildConfiguration section */
		5921CB2C19C97CC500AD9087 /* Debug */ = {
			isa = XCBuildConfiguration;
			buildSettings = {
				ALWAYS_SEARCH_USER_PATHS = NO;
				CLANG_CXX_LANGUAGE_STANDARD = "gnu++0x";
				CLANG_CXX_LIBRARY = "libc++";
				CLANG_ENABLE_MODULES = YES;
				CLANG_ENABLE_OBJC_ARC = YES;
				CLANG_WARN_BOOL_CONVERSION = YES;
				CLANG_WARN_CONSTANT_CONVERSION = YES;
				CLANG_WARN_DIRECT_OBJC_ISA_USAGE = YES_ERROR;
				CLANG_WARN_EMPTY_BODY = YES;
				CLANG_WARN_ENUM_CONVERSION = YES;
				CLANG_WARN_INT_CONVERSION = YES;
				CLANG_WARN_OBJC_ROOT_CLASS = YES_ERROR;
				CLANG_WARN_UNREACHABLE_CODE = YES;
				CLANG_WARN__DUPLICATE_METHOD_MATCH = YES;
				"CODE_SIGN_IDENTITY[sdk=iphoneos*]" = "iPhone Developer";
				COPY_PHASE_STRIP = NO;
				ENABLE_STRICT_OBJC_MSGSEND = YES;
				GCC_C_LANGUAGE_STANDARD = gnu99;
				GCC_DYNAMIC_NO_PIC = NO;
				GCC_OPTIMIZATION_LEVEL = 0;
				GCC_PREPROCESSOR_DEFINITIONS = (
					"DEBUG=1",
					"$(inherited)",
				);
				GCC_SYMBOLS_PRIVATE_EXTERN = NO;
				GCC_WARN_64_TO_32_BIT_CONVERSION = YES;
				GCC_WARN_ABOUT_RETURN_TYPE = YES_ERROR;
				GCC_WARN_UNDECLARED_SELECTOR = YES;
				GCC_WARN_UNINITIALIZED_AUTOS = YES_AGGRESSIVE;
				GCC_WARN_UNUSED_FUNCTION = YES;
				GCC_WARN_UNUSED_VARIABLE = YES;
				IPHONEOS_DEPLOYMENT_TARGET = 8.0;
				METAL_ENABLE_DEBUG_INFO = YES;
				ONLY_ACTIVE_ARCH = YES;
				SDKROOT = iphoneos;
				SWIFT_OPTIMIZATION_LEVEL = "-Onone";
			};
			name = Debug;
		};
		5921CB2D19C97CC500AD9087 /* Release */ = {
			isa = XCBuildConfiguration;
			buildSettings = {
				ALWAYS_SEARCH_USER_PATHS = NO;
				CLANG_CXX_LANGUAGE_STANDARD = "gnu++0x";
				CLANG_CXX_LIBRARY = "libc++";
				CLANG_ENABLE_MODULES = YES;
				CLANG_ENABLE_OBJC_ARC = YES;
				CLANG_WARN_BOOL_CONVERSION = YES;
				CLANG_WARN_CONSTANT_CONVERSION = YES;
				CLANG_WARN_DIRECT_OBJC_ISA_USAGE = YES_ERROR;
				CLANG_WARN_EMPTY_BODY = YES;
				CLANG_WARN_ENUM_CONVERSION = YES;
				CLANG_WARN_INT_CONVERSION = YES;
				CLANG_WARN_OBJC_ROOT_CLASS = YES_ERROR;
				CLANG_WARN_UNREACHABLE_CODE = YES;
				CLANG_WARN__DUPLICATE_METHOD_MATCH = YES;
				"CODE_SIGN_IDENTITY[sdk=iphoneos*]" = "iPhone Developer";
				COPY_PHASE_STRIP = YES;
				ENABLE_NS_ASSERTIONS = NO;
				ENABLE_STRICT_OBJC_MSGSEND = YES;
				GCC_C_LANGUAGE_STANDARD = gnu99;
				GCC_WARN_64_TO_32_BIT_CONVERSION = YES;
				GCC_WARN_ABOUT_RETURN_TYPE = YES_ERROR;
				GCC_WARN_UNDECLARED_SELECTOR = YES;
				GCC_WARN_UNINITIALIZED_AUTOS = YES_AGGRESSIVE;
				GCC_WARN_UNUSED_FUNCTION = YES;
				GCC_WARN_UNUSED_VARIABLE = YES;
				IPHONEOS_DEPLOYMENT_TARGET = 8.0;
				METAL_ENABLE_DEBUG_INFO = NO;
				SDKROOT = iphoneos;
				VALIDATE_PRODUCT = YES;
			};
			name = Release;
		};
		5921CB2F19C97CC500AD9087 /* Debug */ = {
			isa = XCBuildConfiguration;
			buildSettings = {
				ASSETCATALOG_COMPILER_APPICON_NAME = AppIcon;
				ASSETCATALOG_COMPILER_LAUNCHIMAGE_NAME = LaunchImage;
				INFOPLIST_FILE = Postcard/Info.plist;
				LD_RUNPATH_SEARCH_PATHS = "$(inherited) @executable_path/Frameworks";
				PRODUCT_NAME = "$(TARGET_NAME)";
				SDKROOT = iphoneos8.0;
			};
			name = Debug;
		};
		5921CB3019C97CC500AD9087 /* Release */ = {
			isa = XCBuildConfiguration;
			buildSettings = {
				ASSETCATALOG_COMPILER_APPICON_NAME = AppIcon;
				ASSETCATALOG_COMPILER_LAUNCHIMAGE_NAME = LaunchImage;
				INFOPLIST_FILE = Postcard/Info.plist;
				LD_RUNPATH_SEARCH_PATHS = "$(inherited) @executable_path/Frameworks";
				PRODUCT_NAME = "$(TARGET_NAME)";
				SDKROOT = iphoneos8.0;
			};
			name = Release;
		};
		5921CB3219C97CC500AD9087 /* Debug */ = {
			isa = XCBuildConfiguration;
			buildSettings = {
				BUNDLE_LOADER = "$(BUILT_PRODUCTS_DIR)/Postcard.app/Postcard";
				FRAMEWORK_SEARCH_PATHS = (
					"$(SDKROOT)/Developer/Library/Frameworks",
					"$(inherited)",
				);
				GCC_PREPROCESSOR_DEFINITIONS = (
					"DEBUG=1",
					"$(inherited)",
				);
				INFOPLIST_FILE = PostcardTests/Info.plist;
				LD_RUNPATH_SEARCH_PATHS = "$(inherited) @executable_path/Frameworks @loader_path/Frameworks";
				METAL_ENABLE_DEBUG_INFO = YES;
				PRODUCT_NAME = "$(TARGET_NAME)";
				TEST_HOST = "$(BUNDLE_LOADER)";
			};
			name = Debug;
		};
		5921CB3319C97CC500AD9087 /* Release */ = {
			isa = XCBuildConfiguration;
			buildSettings = {
				BUNDLE_LOADER = "$(BUILT_PRODUCTS_DIR)/Postcard.app/Postcard";
				FRAMEWORK_SEARCH_PATHS = (
					"$(SDKROOT)/Developer/Library/Frameworks",
					"$(inherited)",
				);
				INFOPLIST_FILE = PostcardTests/Info.plist;
				LD_RUNPATH_SEARCH_PATHS = "$(inherited) @executable_path/Frameworks @loader_path/Frameworks";
				METAL_ENABLE_DEBUG_INFO = NO;
				PRODUCT_NAME = "$(TARGET_NAME)";
				TEST_HOST = "$(BUNDLE_LOADER)";
			};
			name = Release;
		};
/* End XCBuildConfiguration section */

/* Begin XCConfigurationList section */
		5921CB0D19C97CC400AD9087 /* Build configuration list for PBXProject "Postcard" */ = {
			isa = XCConfigurationList;
			buildConfigurations = (
				5921CB2C19C97CC500AD9087 /* Debug */,
				5921CB2D19C97CC500AD9087 /* Release */,
			);
			defaultConfigurationIsVisible = 0;
			defaultConfigurationName = Release;
		};
		5921CB2E19C97CC500AD9087 /* Build configuration list for PBXNativeTarget "Postcard" */ = {
			isa = XCConfigurationList;
			buildConfigurations = (
				5921CB2F19C97CC500AD9087 /* Debug */,
				5921CB3019C97CC500AD9087 /* Release */,
			);
			defaultConfigurationIsVisible = 0;
			defaultConfigurationName = Release;
		};
		5921CB3119C97CC500AD9087 /* Build configuration list for PBXNativeTarget "PostcardTests" */ = {
			isa = XCConfigurationList;
			buildConfigurations = (
				5921CB3219C97CC500AD9087 /* Debug */,
				5921CB3319C97CC500AD9087 /* Release */,
			);
			defaultConfigurationIsVisible = 0;
			defaultConfigurationName = Release;
		};
/* End XCConfigurationList section */
	};
	rootObject = 5921CB0A19C97CC400AD9087 /* Project object */;
}
